// !$*UTF8*$!
{
	archiveVersion = 1;
	classes = {
	};
	objectVersion = 46;
	objects = {

/* Begin PBXBuildFile section */
		87C9892915DBF1A500505BB6 /* UIKit.framework in Frameworks */ = {isa = PBXBuildFile; fileRef = 87C9892815DBF1A500505BB6 /* UIKit.framework */; };
		87C9892B15DBF1A500505BB6 /* Foundation.framework in Frameworks */ = {isa = PBXBuildFile; fileRef = 87C9892A15DBF1A500505BB6 /* Foundation.framework */; };
		87C9892D15DBF1A500505BB6 /* CoreGraphics.framework in Frameworks */ = {isa = PBXBuildFile; fileRef = 87C9892C15DBF1A500505BB6 /* CoreGraphics.framework */; };
		87C9893315DBF1A500505BB6 /* InfoPlist.strings in Resources */ = {isa = PBXBuildFile; fileRef = 87C9893115DBF1A500505BB6 /* InfoPlist.strings */; };
		87C9893515DBF1A500505BB6 /* main.m in Sources */ = {isa = PBXBuildFile; fileRef = 87C9893415DBF1A500505BB6 /* main.m */; };
		87C9893915DBF1A500505BB6 /* studio_iLeafAppDelegate.m in Sources */ = {isa = PBXBuildFile; fileRef = 87C9893815DBF1A500505BB6 /* studio_iLeafAppDelegate.m */; };
		87C9893C15DBF1A600505BB6 /* MainStoryboard.storyboard in Resources */ = {isa = PBXBuildFile; fileRef = 87C9893A15DBF1A600505BB6 /* MainStoryboard.storyboard */; };
		87C9893F15DBF1A600505BB6 /* studio_iLeafViewController.m in Sources */ = {isa = PBXBuildFile; fileRef = 87C9893E15DBF1A600505BB6 /* studio_iLeafViewController.m */; };
/* End PBXBuildFile section */

/* Begin PBXFileReference section */
		87C9892415DBF1A500505BB6 /* SampleEnum.app */ = {isa = PBXFileReference; explicitFileType = wrapper.application; includeInIndex = 0; path = SampleEnum.app; sourceTree = BUILT_PRODUCTS_DIR; };
		87C9892815DBF1A500505BB6 /* UIKit.framework */ = {isa = PBXFileReference; lastKnownFileType = wrapper.framework; name = UIKit.framework; path = System/Library/Frameworks/UIKit.framework; sourceTree = SDKROOT; };
		87C9892A15DBF1A500505BB6 /* Foundation.framework */ = {isa = PBXFileReference; lastKnownFileType = wrapper.framework; name = Foundation.framework; path = System/Library/Frameworks/Foundation.framework; sourceTree = SDKROOT; };
		87C9892C15DBF1A500505BB6 /* CoreGraphics.framework */ = {isa = PBXFileReference; lastKnownFileType = wrapper.framework; name = CoreGraphics.framework; path = System/Library/Frameworks/CoreGraphics.framework; sourceTree = SDKROOT; };
		87C9893015DBF1A500505BB6 /* SampleEnum-Info.plist */ = {isa = PBXFileReference; lastKnownFileType = text.plist.xml; path = "SampleEnum-Info.plist"; sourceTree = "<group>"; };
		87C9893215DBF1A500505BB6 /* en */ = {isa = PBXFileReference; lastKnownFileType = text.plist.strings; name = en; path = en.lproj/InfoPlist.strings; sourceTree = "<group>"; };
		87C9893415DBF1A500505BB6 /* main.m */ = {isa = PBXFileReference; lastKnownFileType = sourcecode.c.objc; path = main.m; sourceTree = "<group>"; };
		87C9893615DBF1A500505BB6 /* SampleEnum-Prefix.pch */ = {isa = PBXFileReference; lastKnownFileType = sourcecode.c.h; path = "SampleEnum-Prefix.pch"; sourceTree = "<group>"; };
		87C9893715DBF1A500505BB6 /* studio_iLeafAppDelegate.h */ = {isa = PBXFileReference; lastKnownFileType = sourcecode.c.h; path = studio_iLeafAppDelegate.h; sourceTree = "<group>"; };
		87C9893815DBF1A500505BB6 /* studio_iLeafAppDelegate.m */ = {isa = PBXFileReference; lastKnownFileType = sourcecode.c.objc; path = studio_iLeafAppDelegate.m; sourceTree = "<group>"; };
		87C9893B15DBF1A600505BB6 /* en */ = {isa = PBXFileReference; lastKnownFileType = file.storyboard; name = en; path = en.lproj/MainStoryboard.storyboard; sourceTree = "<group>"; };
		87C9893D15DBF1A600505BB6 /* studio_iLeafViewController.h */ = {isa = PBXFileReference; lastKnownFileType = sourcecode.c.h; path = studio_iLeafViewController.h; sourceTree = "<group>"; };
		87C9893E15DBF1A600505BB6 /* studio_iLeafViewController.m */ = {isa = PBXFileReference; lastKnownFileType = sourcecode.c.objc; path = studio_iLeafViewController.m; sourceTree = "<group>"; };
/* End PBXFileReference section */

/* Begin PBXFrameworksBuildPhase section */
		87C9892115DBF1A500505BB6 /* Frameworks */ = {
			isa = PBXFrameworksBuildPhase;
			buildActionMask = 2147483647;
			files = (
				87C9892915DBF1A500505BB6 /* UIKit.framework in Frameworks */,
				87C9892B15DBF1A500505BB6 /* Foundation.framework in Frameworks */,
				87C9892D15DBF1A500505BB6 /* CoreGraphics.framework in Frameworks */,
			);
			runOnlyForDeploymentPostprocessing = 0;
		};
/* End PBXFrameworksBuildPhase section */

/* Begin PBXGroup section */
		87C9891915DBF1A500505BB6 = {
			isa = PBXGroup;
			children = (
				87C9892E15DBF1A500505BB6 /* SampleEnum */,
				87C9892715DBF1A500505BB6 /* Frameworks */,
				87C9892515DBF1A500505BB6 /* Products */,
			);
			sourceTree = "<group>";
		};
		87C9892515DBF1A500505BB6 /* Products */ = {
			isa = PBXGroup;
			children = (
				87C9892415DBF1A500505BB6 /* SampleEnum.app */,
			);
			name = Products;
			sourceTree = "<group>";
		};
		87C9892715DBF1A500505BB6 /* Frameworks */ = {
			isa = PBXGroup;
			children = (
				87C9892815DBF1A500505BB6 /* UIKit.framework */,
				87C9892A15DBF1A500505BB6 /* Foundation.framework */,
				87C9892C15DBF1A500505BB6 /* CoreGraphics.framework */,
			);
			name = Frameworks;
			sourceTree = "<group>";
		};
		87C9892E15DBF1A500505BB6 /* SampleEnum */ = {
			isa = PBXGroup;
			children = (
				87C9893715DBF1A500505BB6 /* studio_iLeafAppDelegate.h */,
				87C9893815DBF1A500505BB6 /* studio_iLeafAppDelegate.m */,
				87C9893A15DBF1A600505BB6 /* MainStoryboard.storyboard */,
				87C9893D15DBF1A600505BB6 /* studio_iLeafViewController.h */,
				87C9893E15DBF1A600505BB6 /* studio_iLeafViewController.m */,
				87C9892F15DBF1A500505BB6 /* Supporting Files */,
			);
			path = SampleEnum;
			sourceTree = "<group>";
		};
		87C9892F15DBF1A500505BB6 /* Supporting Files */ = {
			isa = PBXGroup;
			children = (
				87C9893015DBF1A500505BB6 /* SampleEnum-Info.plist */,
				87C9893115DBF1A500505BB6 /* InfoPlist.strings */,
				87C9893415DBF1A500505BB6 /* main.m */,
				87C9893615DBF1A500505BB6 /* SampleEnum-Prefix.pch */,
			);
			name = "Supporting Files";
			sourceTree = "<group>";
		};
/* End PBXGroup section */

/* Begin PBXNativeTarget section */
		87C9892315DBF1A500505BB6 /* SampleEnum */ = {
			isa = PBXNativeTarget;
			buildConfigurationList = 87C9894215DBF1A600505BB6 /* Build configuration list for PBXNativeTarget "SampleEnum" */;
			buildPhases = (
				87C9892015DBF1A500505BB6 /* Sources */,
				87C9892115DBF1A500505BB6 /* Frameworks */,
				87C9892215DBF1A500505BB6 /* Resources */,
			);
			buildRules = (
			);
			dependencies = (
			);
			name = SampleEnum;
			productName = SampleEnum;
			productReference = 87C9892415DBF1A500505BB6 /* SampleEnum.app */;
			productType = "com.apple.product-type.application";
		};
/* End PBXNativeTarget section */

/* Begin PBXProject section */
		87C9891B15DBF1A500505BB6 /* Project object */ = {
			isa = PBXProject;
			attributes = {
				CLASSPREFIX = studio.iLeaf;
				LastUpgradeCheck = 0430;
			};
			buildConfigurationList = 87C9891E15DBF1A500505BB6 /* Build configuration list for PBXProject "SampleEnum" */;
			compatibilityVersion = "Xcode 3.2";
			developmentRegion = English;
			hasScannedForEncodings = 0;
			knownRegions = (
				en,
			);
			mainGroup = 87C9891915DBF1A500505BB6;
			productRefGroup = 87C9892515DBF1A500505BB6 /* Products */;
			projectDirPath = "";
			projectRoot = "";
			targets = (
				87C9892315DBF1A500505BB6 /* SampleEnum */,
			);
		};
/* End PBXProject section */

/* Begin PBXResourcesBuildPhase section */
		87C9892215DBF1A500505BB6 /* Resources */ = {
			isa = PBXResourcesBuildPhase;
			buildActionMask = 2147483647;
			files = (
				87C9893315DBF1A500505BB6 /* InfoPlist.strings in Resources */,
				87C9893C15DBF1A600505BB6 /* MainStoryboard.storyboard in Resources */,
			);
			runOnlyForDeploymentPostprocessing = 0;
		};
/* End PBXResourcesBuildPhase section */

/* Begin PBXSourcesBuildPhase section */
		87C9892015DBF1A500505BB6 /* Sources */ = {
			isa = PBXSourcesBuildPhase;
			buildActionMask = 2147483647;
			files = (
				87C9893515DBF1A500505BB6 /* main.m in Sources */,
				87C9893915DBF1A500505BB6 /* studio_iLeafAppDelegate.m in Sources */,
				87C9893F15DBF1A600505BB6 /* studio_iLeafViewController.m in Sources */,
			);
			runOnlyForDeploymentPostprocessing = 0;
		};
/* End PBXSourcesBuildPhase section */

/* Begin PBXVariantGroup section */
		87C9893115DBF1A500505BB6 /* InfoPlist.strings */ = {
			isa = PBXVariantGroup;
			children = (
				87C9893215DBF1A500505BB6 /* en */,
			);
			name = InfoPlist.strings;
			sourceTree = "<group>";
		};
		87C9893A15DBF1A600505BB6 /* MainStoryboard.storyboard */ = {
			isa = PBXVariantGroup;
			children = (
				87C9893B15DBF1A600505BB6 /* en */,
			);
			name = MainStoryboard.storyboard;
			sourceTree = "<group>";
		};
/* End PBXVariantGroup section */

/* Begin XCBuildConfiguration section */
		87C9894015DBF1A600505BB6 /* Debug */ = {
			isa = XCBuildConfiguration;
			buildSettings = {
				ALWAYS_SEARCH_USER_PATHS = NO;
				ARCHS = "$(ARCHS_STANDARD_32_BIT)";
				CLANG_ENABLE_OBJC_ARC = YES;
				"CODE_SIGN_IDENTITY[sdk=iphoneos*]" = "iPhone Developer";
				COPY_PHASE_STRIP = NO;
				GCC_C_LANGUAGE_STANDARD = gnu99;
				GCC_DYNAMIC_NO_PIC = NO;
				GCC_OPTIMIZATION_LEVEL = 0;
				GCC_PREPROCESSOR_DEFINITIONS = (
					"DEBUG=1",
					"$(inherited)",
				);
				GCC_SYMBOLS_PRIVATE_EXTERN = NO;
				GCC_VERSION = com.apple.compilers.llvm.clang.1_0;
				GCC_WARN_ABOUT_RETURN_TYPE = YES;
				GCC_WARN_UNINITIALIZED_AUTOS = YES;
				GCC_WARN_UNUSED_VARIABLE = YES;
				IPHONEOS_DEPLOYMENT_TARGET = 5.1;
				SDKROOT = iphoneos;
			};
			name = Debug;
		};
		87C9894115DBF1A600505BB6 /* Release */ = {
			isa = XCBuildConfiguration;
			buildSettings = {
				ALWAYS_SEARCH_USER_PATHS = NO;
				ARCHS = "$(ARCHS_STANDARD_32_BIT)";
				CLANG_ENABLE_OBJC_ARC = YES;
				"CODE_SIGN_IDENTITY[sdk=iphoneos*]" = "iPhone Developer";
				COPY_PHASE_STRIP = YES;
				GCC_C_LANGUAGE_STANDARD = gnu99;
				GCC_VERSION = com.apple.compilers.llvm.clang.1_0;
				GCC_WARN_ABOUT_RETURN_TYPE = YES;
				GCC_WARN_UNINITIALIZED_AUTOS = YES;
				GCC_WARN_UNUSED_VARIABLE = YES;
				IPHONEOS_DEPLOYMENT_TARGET = 5.1;
				OTHER_CFLAGS = "-DNS_BLOCK_ASSERTIONS=1";
				SDKROOT = iphoneos;
				VALIDATE_PRODUCT = YES;
			};
			name = Release;
		};
		87C9894315DBF1A600505BB6 /* Debug */ = {
			isa = XCBuildConfiguration;
			buildSettings = {
				GCC_PRECOMPILE_PREFIX_HEADER = YES;
				GCC_PREFIX_HEADER = "SampleEnum/SampleEnum-Prefix.pch";
				INFOPLIST_FILE = "SampleEnum/SampleEnum-Info.plist";
				PRODUCT_NAME = "$(TARGET_NAME)";
				WRAPPER_EXTENSION = app;
			};
			name = Debug;
		};
		87C9894415DBF1A600505BB6 /* Release */ = {
			isa = XCBuildConfiguration;
			buildSettings = {
				GCC_PRECOMPILE_PREFIX_HEADER = YES;
				GCC_PREFIX_HEADER = "SampleEnum/SampleEnum-Prefix.pch";
				INFOPLIST_FILE = "SampleEnum/SampleEnum-Info.plist";
				PRODUCT_NAME = "$(TARGET_NAME)";
				WRAPPER_EXTENSION = app;
			};
			name = Release;
		};
/* End XCBuildConfiguration section */

/* Begin XCConfigurationList section */
		87C9891E15DBF1A500505BB6 /* Build configuration list for PBXProject "SampleEnum" */ = {
			isa = XCConfigurationList;
			buildConfigurations = (
				87C9894015DBF1A600505BB6 /* Debug */,
				87C9894115DBF1A600505BB6 /* Release */,
			);
			defaultConfigurationIsVisible = 0;
			defaultConfigurationName = Release;
		};
		87C9894215DBF1A600505BB6 /* Build configuration list for PBXNativeTarget "SampleEnum" */ = {
			isa = XCConfigurationList;
			buildConfigurations = (
				87C9894315DBF1A600505BB6 /* Debug */,
				87C9894415DBF1A600505BB6 /* Release */,
			);
			defaultConfigurationIsVisible = 0;
		};
/* End XCConfigurationList section */
	};
	rootObject = 87C9891B15DBF1A500505BB6 /* Project object */;
}
